
Microsoft Visual Studio Solution File, Format Version 12.00
# Visual Studio Version 17
VisualStudioVersion = 17.9.34728.123
MinimumVisualStudioVersion = 10.0.40219.1
Project("{9A19103F-16F7-4668-BE54-9A1E7A4F7556}") = "ECommerce", "ECommerce\ECommerce.csproj", "{100669F4-C9BE-4834-A350-C6BCD3AECB75}"
EndProject
Project("{FAE04EC0-301F-11D3-BF4B-00C04F79EFBC}") = "ECommerceTest", "ECommerceTest\ECommerceTest.csproj", "{A673869E-7C3F-4F58-9F34-8FBD09C16E0C}"
EndProject
Global
	GlobalSection(SolutionConfigurationPlatforms) = preSolution
		Debug|Any CPU = Debug|Any CPU
		Release|Any CPU = Release|Any CPU
	EndGlobalSection
	GlobalSection(ProjectConfigurationPlatforms) = postSolution
		{100669F4-C9BE-4834-A350-C6BCD3AECB75}.Debug|Any CPU.ActiveCfg = Debug|Any CPU
		{100669F4-C9BE-4834-A350-C6BCD3AECB75}.Debug|Any CPU.Build.0 = Debug|Any CPU
		{100669F4-C9BE-4834-A350-C6BCD3AECB75}.Release|Any CPU.ActiveCfg = Release|Any CPU
		{100669F4-C9BE-4834-A350-C6BCD3AECB75}.Release|Any CPU.Build.0 = Release|Any CPU
		{A673869E-7C3F-4F58-9F34-8FBD09C16E0C}.Debug|Any CPU.ActiveCfg = Debug|Any CPU
		{A673869E-7C3F-4F58-9F34-8FBD09C16E0C}.Debug|Any CPU.Build.0 = Debug|Any CPU
		{A673869E-7C3F-4F58-9F34-8FBD09C16E0C}.Release|Any CPU.ActiveCfg = Release|Any CPU
		{A673869E-7C3F-4F58-9F34-8FBD09C16E0C}.Release|Any CPU.Build.0 = Release|Any CPU
	EndGlobalSection
	GlobalSection(SolutionProperties) = preSolution
		HideSolutionNode = FALSE
	EndGlobalSection
	GlobalSection(ExtensibilityGlobals) = postSolution
		SolutionGuid = {69276A9E-A591-4D21-9980-7EAF031A834D}
	EndGlobalSection
EndGlobal
